
Microsoft Visual Studio Solution File, Format Version 12.00
# Visual Studio Version 17
VisualStudioVersion = 17.10.35122.118
MinimumVisualStudioVersion = 10.0.40219.1
Project("{FAE04EC0-301F-11D3-BF4B-00C04F79EFBC}") = "MVVMToolkitNavigation", "MVVMToolkitNavigation\MVVMToolkitNavigation.csproj", "{DCB1EFED-D80F-4DF3-B42C-D5A8928C4413}"
EndProject
Project("{FAE04EC0-301F-11D3-BF4B-00C04F79EFBC}") = "ViewModel", "ViewModel\ViewModel.csproj", "{954C49C5-5B0C-411A-8BAF-EF76EC69A0ED}"
EndProject
Project("{FAE04EC0-301F-11D3-BF4B-00C04F79EFBC}") = "View", "View\View.csproj", "{A7A09624-79F6-4AF2-BD09-CD3426CB5EA2}"
EndProject
Project("{FAE04EC0-301F-11D3-BF4B-00C04F79EFBC}") = "Common", "Common\Common.csproj", "{E62AE139-5F6E-4C8A-A155-923C6EFE1409}"
EndProject
Project("{FAE04EC0-301F-11D3-BF4B-00C04F79EFBC}") = "Model", "Model\Model.csproj", "{B0457904-0E4E-46C2-B2EE-7511147F26EC}"
EndProject
Global
	GlobalSection(SolutionConfigurationPlatforms) = preSolution
		Debug|Any CPU = Debug|Any CPU
		Release|Any CPU = Release|Any CPU
	EndGlobalSection
	GlobalSection(ProjectConfigurationPlatforms) = postSolution
		{DCB1EFED-D80F-4DF3-B42C-D5A8928C4413}.Debug|Any CPU.ActiveCfg = Debug|Any CPU
		{DCB1EFED-D80F-4DF3-B42C-D5A8928C4413}.Debug|Any CPU.Build.0 = Debug|Any CPU
		{DCB1EFED-D80F-4DF3-B42C-D5A8928C4413}.Release|Any CPU.ActiveCfg = Release|Any CPU
		{DCB1EFED-D80F-4DF3-B42C-D5A8928C4413}.Release|Any CPU.Build.0 = Release|Any CPU
		{954C49C5-5B0C-411A-8BAF-EF76EC69A0ED}.Debug|Any CPU.ActiveCfg = Debug|Any CPU
		{954C49C5-5B0C-411A-8BAF-EF76EC69A0ED}.Debug|Any CPU.Build.0 = Debug|Any CPU
		{954C49C5-5B0C-411A-8BAF-EF76EC69A0ED}.Release|Any CPU.ActiveCfg = Release|Any CPU
		{954C49C5-5B0C-411A-8BAF-EF76EC69A0ED}.Release|Any CPU.Build.0 = Release|Any CPU
		{A7A09624-79F6-4AF2-BD09-CD3426CB5EA2}.Debug|Any CPU.ActiveCfg = Debug|Any CPU
		{A7A09624-79F6-4AF2-BD09-CD3426CB5EA2}.Debug|Any CPU.Build.0 = Debug|Any CPU
		{A7A09624-79F6-4AF2-BD09-CD3426CB5EA2}.Release|Any CPU.ActiveCfg = Release|Any CPU
		{A7A09624-79F6-4AF2-BD09-CD3426CB5EA2}.Release|Any CPU.Build.0 = Release|Any CPU
		{E62AE139-5F6E-4C8A-A155-923C6EFE1409}.Debug|Any CPU.ActiveCfg = Debug|Any CPU
		{E62AE139-5F6E-4C8A-A155-923C6EFE1409}.Debug|Any CPU.Build.0 = Debug|Any CPU
		{E62AE139-5F6E-4C8A-A155-923C6EFE1409}.Release|Any CPU.ActiveCfg = Release|Any CPU
		{E62AE139-5F6E-4C8A-A155-923C6EFE1409}.Release|Any CPU.Build.0 = Release|Any CPU
		{B0457904-0E4E-46C2-B2EE-7511147F26EC}.Debug|Any CPU.ActiveCfg = Debug|Any CPU
		{B0457904-0E4E-46C2-B2EE-7511147F26EC}.Debug|Any CPU.Build.0 = Debug|Any CPU
		{B0457904-0E4E-46C2-B2EE-7511147F26EC}.Release|Any CPU.ActiveCfg = Release|Any CPU
		{B0457904-0E4E-46C2-B2EE-7511147F26EC}.Release|Any CPU.Build.0 = Release|Any CPU
	EndGlobalSection
	GlobalSection(SolutionProperties) = preSolution
		HideSolutionNode = FALSE
	EndGlobalSection
	GlobalSection(ExtensibilityGlobals) = postSolution
		SolutionGuid = {94AF99D8-BE59-46C5-9DB3-9403BE38C8B5}
	EndGlobalSection
EndGlobal
